
Microsoft Visual Studio Solution File, Format Version 12.00
# Visual Studio 15
VisualStudioVersion = 15.0.28010.2003
MinimumVisualStudioVersion = 10.0.40219.1
Project("{FAE04EC0-301F-11D3-BF4B-00C04F79EFBC}") = "GameLogic", "GameLogic\GameLogic.csproj", "{0F7451BD-A26E-48EF-A5AB-AA22DB847B12}"
EndProject
Project("{FAE04EC0-301F-11D3-BF4B-00C04F79EFBC}") = "TestConsole", "TestConsole\TestConsole.csproj", "{7AEC5D02-171D-4389-AEE9-E4C4C6DC15A6}"
EndProject
Project("{FAE04EC0-301F-11D3-BF4B-00C04F79EFBC}") = "MapPrinter", "MapPrinter\MapPrinter.csproj", "{8A777D47-5767-4112-8AF0-5AFD859251A1}"
EndProject
Project("{FAE04EC0-301F-11D3-BF4B-00C04F79EFBC}") = "StorageService", "StorageService\StorageService.csproj", "{18456EE5-C7EF-4E57-85BF-243B39890FBE}"
EndProject
Global
	GlobalSection(SolutionConfigurationPlatforms) = preSolution
		Debug|Any CPU = Debug|Any CPU
		Release|Any CPU = Release|Any CPU
	EndGlobalSection
	GlobalSection(ProjectConfigurationPlatforms) = postSolution
		{0F7451BD-A26E-48EF-A5AB-AA22DB847B12}.Debug|Any CPU.ActiveCfg = Debug|Any CPU
		{0F7451BD-A26E-48EF-A5AB-AA22DB847B12}.Debug|Any CPU.Build.0 = Debug|Any CPU
		{0F7451BD-A26E-48EF-A5AB-AA22DB847B12}.Release|Any CPU.ActiveCfg = Release|Any CPU
		{0F7451BD-A26E-48EF-A5AB-AA22DB847B12}.Release|Any CPU.Build.0 = Release|Any CPU
		{7AEC5D02-171D-4389-AEE9-E4C4C6DC15A6}.Debug|Any CPU.ActiveCfg = Debug|Any CPU
		{7AEC5D02-171D-4389-AEE9-E4C4C6DC15A6}.Debug|Any CPU.Build.0 = Debug|Any CPU
		{7AEC5D02-171D-4389-AEE9-E4C4C6DC15A6}.Release|Any CPU.ActiveCfg = Release|Any CPU
		{7AEC5D02-171D-4389-AEE9-E4C4C6DC15A6}.Release|Any CPU.Build.0 = Release|Any CPU
		{8A777D47-5767-4112-8AF0-5AFD859251A1}.Debug|Any CPU.ActiveCfg = Debug|Any CPU
		{8A777D47-5767-4112-8AF0-5AFD859251A1}.Debug|Any CPU.Build.0 = Debug|Any CPU
		{8A777D47-5767-4112-8AF0-5AFD859251A1}.Release|Any CPU.ActiveCfg = Release|Any CPU
		{8A777D47-5767-4112-8AF0-5AFD859251A1}.Release|Any CPU.Build.0 = Release|Any CPU
		{18456EE5-C7EF-4E57-85BF-243B39890FBE}.Debug|Any CPU.ActiveCfg = Debug|Any CPU
		{18456EE5-C7EF-4E57-85BF-243B39890FBE}.Debug|Any CPU.Build.0 = Debug|Any CPU
		{18456EE5-C7EF-4E57-85BF-243B39890FBE}.Release|Any CPU.ActiveCfg = Release|Any CPU
		{18456EE5-C7EF-4E57-85BF-243B39890FBE}.Release|Any CPU.Build.0 = Release|Any CPU
	EndGlobalSection
	GlobalSection(SolutionProperties) = preSolution
		HideSolutionNode = FALSE
	EndGlobalSection
	GlobalSection(ExtensibilityGlobals) = postSolution
		SolutionGuid = {4F374A7A-C412-4998-A13E-134B9039E62B}
	EndGlobalSection
EndGlobal
