
Microsoft Visual Studio Solution File, Format Version 12.00
# Visual Studio Version 16
VisualStudioVersion = 16.0.28803.202
MinimumVisualStudioVersion = 10.0.40219.1
Project("{9A19103F-16F7-4668-BE54-9A1E7A4F7556}") = "GameLogic", "GameLogic\GameLogic.csproj", "{0F7451BD-A26E-48EF-A5AB-AA22DB847B12}"
EndProject
Project("{9A19103F-16F7-4668-BE54-9A1E7A4F7556}") = "StorageService", "StorageService\StorageService.csproj", "{18456EE5-C7EF-4E57-85BF-243B39890FBE}"
EndProject
Project("{9A19103F-16F7-4668-BE54-9A1E7A4F7556}") = "ImageService", "ImageService\ImageService.csproj", "{3FC4B5F2-EC7E-461F-AA1A-B78170E6482E}"
EndProject
Project("{9A19103F-16F7-4668-BE54-9A1E7A4F7556}") = "FightServer", "FightServer\FightServer.csproj", "{80A93900-7B53-45C7-9281-2663458810CE}"
EndProject
Project("{2150E333-8FDC-42A3-9474-1A3956D46DE8}") = "Services", "Services", "{847BFB5E-50DA-4F05-9E4E-25AA097AA045}"
EndProject
Project("{9A19103F-16F7-4668-BE54-9A1E7A4F7556}") = "RuBot", "BotsExamples\RuBot\RuBot.csproj", "{56E8567D-B17C-471A-BFD4-FE3706816684}"
EndProject
Project("{2150E333-8FDC-42A3-9474-1A3956D46DE8}") = "Bots", "Bots", "{605B0B49-14CC-4DC3-B0B5-4AF89F3738D4}"
EndProject
Project("{2150E333-8FDC-42A3-9474-1A3956D46DE8}") = "DebugTools", "DebugTools", "{B70B9F3A-2CB6-47F9-9717-897D469A77E1}"
EndProject
Project("{9A19103F-16F7-4668-BE54-9A1E7A4F7556}") = "TestConsole", "DebugTools\TestConsole\TestConsole.csproj", "{45B145E2-EA98-4118-BCFA-9E1A97B1DF2F}"
EndProject
Project("{9A19103F-16F7-4668-BE54-9A1E7A4F7556}") = "MapPrinter", "DebugTools\MapPrinter\MapPrinter.csproj", "{689C13C7-8BD9-49CF-A3E7-578C30CEB3FD}"
EndProject
Global
	GlobalSection(SolutionConfigurationPlatforms) = preSolution
		Debug|Any CPU = Debug|Any CPU
		Release|Any CPU = Release|Any CPU
	EndGlobalSection
	GlobalSection(ProjectConfigurationPlatforms) = postSolution
		{0F7451BD-A26E-48EF-A5AB-AA22DB847B12}.Debug|Any CPU.ActiveCfg = Debug|Any CPU
		{0F7451BD-A26E-48EF-A5AB-AA22DB847B12}.Debug|Any CPU.Build.0 = Debug|Any CPU
		{0F7451BD-A26E-48EF-A5AB-AA22DB847B12}.Release|Any CPU.ActiveCfg = Release|Any CPU
		{0F7451BD-A26E-48EF-A5AB-AA22DB847B12}.Release|Any CPU.Build.0 = Release|Any CPU
		{18456EE5-C7EF-4E57-85BF-243B39890FBE}.Debug|Any CPU.ActiveCfg = Debug|Any CPU
		{18456EE5-C7EF-4E57-85BF-243B39890FBE}.Debug|Any CPU.Build.0 = Debug|Any CPU
		{18456EE5-C7EF-4E57-85BF-243B39890FBE}.Release|Any CPU.ActiveCfg = Release|Any CPU
		{18456EE5-C7EF-4E57-85BF-243B39890FBE}.Release|Any CPU.Build.0 = Release|Any CPU
		{3FC4B5F2-EC7E-461F-AA1A-B78170E6482E}.Debug|Any CPU.ActiveCfg = Debug|Any CPU
		{3FC4B5F2-EC7E-461F-AA1A-B78170E6482E}.Debug|Any CPU.Build.0 = Debug|Any CPU
		{3FC4B5F2-EC7E-461F-AA1A-B78170E6482E}.Release|Any CPU.ActiveCfg = Release|Any CPU
		{3FC4B5F2-EC7E-461F-AA1A-B78170E6482E}.Release|Any CPU.Build.0 = Release|Any CPU
		{80A93900-7B53-45C7-9281-2663458810CE}.Debug|Any CPU.ActiveCfg = Debug|Any CPU
		{80A93900-7B53-45C7-9281-2663458810CE}.Debug|Any CPU.Build.0 = Debug|Any CPU
		{80A93900-7B53-45C7-9281-2663458810CE}.Release|Any CPU.ActiveCfg = Release|Any CPU
		{80A93900-7B53-45C7-9281-2663458810CE}.Release|Any CPU.Build.0 = Release|Any CPU
		{56E8567D-B17C-471A-BFD4-FE3706816684}.Debug|Any CPU.ActiveCfg = Debug|Any CPU
		{56E8567D-B17C-471A-BFD4-FE3706816684}.Debug|Any CPU.Build.0 = Debug|Any CPU
		{56E8567D-B17C-471A-BFD4-FE3706816684}.Release|Any CPU.ActiveCfg = Release|Any CPU
		{56E8567D-B17C-471A-BFD4-FE3706816684}.Release|Any CPU.Build.0 = Release|Any CPU
		{45B145E2-EA98-4118-BCFA-9E1A97B1DF2F}.Debug|Any CPU.ActiveCfg = Debug|Any CPU
		{45B145E2-EA98-4118-BCFA-9E1A97B1DF2F}.Debug|Any CPU.Build.0 = Debug|Any CPU
		{45B145E2-EA98-4118-BCFA-9E1A97B1DF2F}.Release|Any CPU.ActiveCfg = Release|Any CPU
		{45B145E2-EA98-4118-BCFA-9E1A97B1DF2F}.Release|Any CPU.Build.0 = Release|Any CPU
		{689C13C7-8BD9-49CF-A3E7-578C30CEB3FD}.Debug|Any CPU.ActiveCfg = Debug|Any CPU
		{689C13C7-8BD9-49CF-A3E7-578C30CEB3FD}.Debug|Any CPU.Build.0 = Debug|Any CPU
		{689C13C7-8BD9-49CF-A3E7-578C30CEB3FD}.Release|Any CPU.ActiveCfg = Release|Any CPU
		{689C13C7-8BD9-49CF-A3E7-578C30CEB3FD}.Release|Any CPU.Build.0 = Release|Any CPU
	EndGlobalSection
	GlobalSection(SolutionProperties) = preSolution
		HideSolutionNode = FALSE
	EndGlobalSection
	GlobalSection(NestedProjects) = preSolution
		{18456EE5-C7EF-4E57-85BF-243B39890FBE} = {847BFB5E-50DA-4F05-9E4E-25AA097AA045}
		{3FC4B5F2-EC7E-461F-AA1A-B78170E6482E} = {847BFB5E-50DA-4F05-9E4E-25AA097AA045}
		{80A93900-7B53-45C7-9281-2663458810CE} = {847BFB5E-50DA-4F05-9E4E-25AA097AA045}
		{56E8567D-B17C-471A-BFD4-FE3706816684} = {605B0B49-14CC-4DC3-B0B5-4AF89F3738D4}
		{45B145E2-EA98-4118-BCFA-9E1A97B1DF2F} = {B70B9F3A-2CB6-47F9-9717-897D469A77E1}
		{689C13C7-8BD9-49CF-A3E7-578C30CEB3FD} = {B70B9F3A-2CB6-47F9-9717-897D469A77E1}
	EndGlobalSection
	GlobalSection(ExtensibilityGlobals) = postSolution
		SolutionGuid = {4F374A7A-C412-4998-A13E-134B9039E62B}
	EndGlobalSection
EndGlobal
